
Microsoft Visual Studio Solution File, Format Version 12.00
# Visual Studio Version 17
VisualStudioVersion = 17.5.33530.505
MinimumVisualStudioVersion = 10.0.40219.1
Project("{FAE04EC0-301F-11D3-BF4B-00C04F79EFBC}") = "CONSALUD", "CONSALUD\CONSALUD.csproj", "{56A24497-F709-4E06-AA9A-056FD0ED4F72}"
EndProject
Global
	GlobalSection(SolutionConfigurationPlatforms) = preSolution
		Debug|Any CPU = Debug|Any CPU
		Release|Any CPU = Release|Any CPU
	EndGlobalSection
	GlobalSection(ProjectConfigurationPlatforms) = postSolution
		{56A24497-F709-4E06-AA9A-056FD0ED4F72}.Debug|Any CPU.ActiveCfg = Debug|Any CPU
		{56A24497-F709-4E06-AA9A-056FD0ED4F72}.Debug|Any CPU.Build.0 = Debug|Any CPU
		{56A24497-F709-4E06-AA9A-056FD0ED4F72}.Release|Any CPU.ActiveCfg = Release|Any CPU
		{56A24497-F709-4E06-AA9A-056FD0ED4F72}.Release|Any CPU.Build.0 = Release|Any CPU
	EndGlobalSection
	GlobalSection(SolutionProperties) = preSolution
		HideSolutionNode = FALSE
	EndGlobalSection
	GlobalSection(ExtensibilityGlobals) = postSolution
		SolutionGuid = {EEB2BA82-69F1-4D92-B4A4-95C49835B448}
	EndGlobalSection
EndGlobal
